// !$*UTF8*$!
{
	archiveVersion = 1;
	classes = {
	};
	objectVersion = 48;
	objects = {

/* Begin PBXBuildFile section */
		217A5A7D1FE4E9F300444AD6 /* libdlib.a in Frameworks */ = {isa = PBXBuildFile; fileRef = 217A5A7C1FE4E9F300444AD6 /* libdlib.a */; };
		21B340191FE4E76800DD0D9D /* AppDelegate.swift in Sources */ = {isa = PBXBuildFile; fileRef = 21B340181FE4E76800DD0D9D /* AppDelegate.swift */; };
		21B3401B1FE4E76800DD0D9D /* ViewController.swift in Sources */ = {isa = PBXBuildFile; fileRef = 21B3401A1FE4E76800DD0D9D /* ViewController.swift */; };
		21B3401E1FE4E76800DD0D9D /* Main.storyboard in Resources */ = {isa = PBXBuildFile; fileRef = 21B3401C1FE4E76800DD0D9D /* Main.storyboard */; };
		21B340201FE4E76800DD0D9D /* Assets.xcassets in Resources */ = {isa = PBXBuildFile; fileRef = 21B3401F1FE4E76800DD0D9D /* Assets.xcassets */; };
		21B340231FE4E76800DD0D9D /* LaunchScreen.storyboard in Resources */ = {isa = PBXBuildFile; fileRef = 21B340211FE4E76800DD0D9D /* LaunchScreen.storyboard */; };
/* End PBXBuildFile section */

/* Begin PBXFileReference section */
		217A5A7C1FE4E9F300444AD6 /* libdlib.a */ = {isa = PBXFileReference; lastKnownFileType = archive.ar; name = libdlib.a; path = ILFaceDetection/lib/libdlib.a; sourceTree = "<group>"; };
		21B340151FE4E76800DD0D9D /* ILFaceDetection.app */ = {isa = PBXFileReference; explicitFileType = wrapper.application; includeInIndex = 0; path = ILFaceDetection.app; sourceTree = BUILT_PRODUCTS_DIR; };
		21B340181FE4E76800DD0D9D /* AppDelegate.swift */ = {isa = PBXFileReference; lastKnownFileType = sourcecode.swift; path = AppDelegate.swift; sourceTree = "<group>"; };
		21B3401A1FE4E76800DD0D9D /* ViewController.swift */ = {isa = PBXFileReference; lastKnownFileType = sourcecode.swift; path = ViewController.swift; sourceTree = "<group>"; };
		21B3401D1FE4E76800DD0D9D /* Base */ = {isa = PBXFileReference; lastKnownFileType = file.storyboard; name = Base; path = Base.lproj/Main.storyboard; sourceTree = "<group>"; };
		21B3401F1FE4E76800DD0D9D /* Assets.xcassets */ = {isa = PBXFileReference; lastKnownFileType = folder.assetcatalog; path = Assets.xcassets; sourceTree = "<group>"; };
		21B340221FE4E76800DD0D9D /* Base */ = {isa = PBXFileReference; lastKnownFileType = file.storyboard; name = Base; path = Base.lproj/LaunchScreen.storyboard; sourceTree = "<group>"; };
		21B340241FE4E76800DD0D9D /* Info.plist */ = {isa = PBXFileReference; lastKnownFileType = text.plist.xml; path = Info.plist; sourceTree = "<group>"; };
/* End PBXFileReference section */

/* Begin PBXFrameworksBuildPhase section */
		21B340121FE4E76800DD0D9D /* Frameworks */ = {
			isa = PBXFrameworksBuildPhase;
			buildActionMask = 2147483647;
			files = (
				217A5A7D1FE4E9F300444AD6 /* libdlib.a in Frameworks */,
			);
			runOnlyForDeploymentPostprocessing = 0;
		};
/* End PBXFrameworksBuildPhase section */

/* Begin PBXGroup section */
		217A5A7B1FE4E9F200444AD6 /* Frameworks */ = {
			isa = PBXGroup;
			children = (
				217A5A7C1FE4E9F300444AD6 /* libdlib.a */,
			);
			name = Frameworks;
			sourceTree = "<group>";
		};
		21B3400C1FE4E76800DD0D9D = {
			isa = PBXGroup;
			children = (
				21B340171FE4E76800DD0D9D /* ILFaceDetection */,
				21B340161FE4E76800DD0D9D /* Products */,
				217A5A7B1FE4E9F200444AD6 /* Frameworks */,
			);
			sourceTree = "<group>";
		};
		21B340161FE4E76800DD0D9D /* Products */ = {
			isa = PBXGroup;
			children = (
				21B340151FE4E76800DD0D9D /* ILFaceDetection.app */,
			);
			name = Products;
			sourceTree = "<group>";
		};
		21B340171FE4E76800DD0D9D /* ILFaceDetection */ = {
			isa = PBXGroup;
			children = (
				21B340181FE4E76800DD0D9D /* AppDelegate.swift */,
				21B3401A1FE4E76800DD0D9D /* ViewController.swift */,
				21B3401C1FE4E76800DD0D9D /* Main.storyboard */,
				21B3401F1FE4E76800DD0D9D /* Assets.xcassets */,
				21B340211FE4E76800DD0D9D /* LaunchScreen.storyboard */,
				21B340241FE4E76800DD0D9D /* Info.plist */,
			);
			path = ILFaceDetection;
			sourceTree = "<group>";
		};
/* End PBXGroup section */

/* Begin PBXNativeTarget section */
		21B340141FE4E76800DD0D9D /* ILFaceDetection */ = {
			isa = PBXNativeTarget;
			buildConfigurationList = 21B340271FE4E76800DD0D9D /* Build configuration list for PBXNativeTarget "ILFaceDetection" */;
			buildPhases = (
				21B340111FE4E76800DD0D9D /* Sources */,
				21B340121FE4E76800DD0D9D /* Frameworks */,
				21B340131FE4E76800DD0D9D /* Resources */,
			);
			buildRules = (
			);
			dependencies = (
			);
			name = ILFaceDetection;
			productName = ILFaceDetection;
			productReference = 21B340151FE4E76800DD0D9D /* ILFaceDetection.app */;
			productType = "com.apple.product-type.application";
		};
/* End PBXNativeTarget section */

/* Begin PBXProject section */
		21B3400D1FE4E76800DD0D9D /* Project object */ = {
			isa = PBXProject;
			attributes = {
				LastSwiftUpdateCheck = 0920;
				LastUpgradeCheck = 0920;
				ORGANIZATIONNAME = "Igar Liubavetskiy";
				TargetAttributes = {
					21B340141FE4E76800DD0D9D = {
						CreatedOnToolsVersion = 9.2;
						ProvisioningStyle = Automatic;
					};
				};
			};
			buildConfigurationList = 21B340101FE4E76800DD0D9D /* Build configuration list for PBXProject "ILFaceDetection" */;
			compatibilityVersion = "Xcode 8.0";
			developmentRegion = en;
			hasScannedForEncodings = 0;
			knownRegions = (
				en,
				Base,
			);
			mainGroup = 21B3400C1FE4E76800DD0D9D;
			productRefGroup = 21B340161FE4E76800DD0D9D /* Products */;
			projectDirPath = "";
			projectRoot = "";
			targets = (
				21B340141FE4E76800DD0D9D /* ILFaceDetection */,
			);
		};
/* End PBXProject section */

/* Begin PBXResourcesBuildPhase section */
		21B340131FE4E76800DD0D9D /* Resources */ = {
			isa = PBXResourcesBuildPhase;
			buildActionMask = 2147483647;
			files = (
				21B340231FE4E76800DD0D9D /* LaunchScreen.storyboard in Resources */,
				21B340201FE4E76800DD0D9D /* Assets.xcassets in Resources */,
				21B3401E1FE4E76800DD0D9D /* Main.storyboard in Resources */,
			);
			runOnlyForDeploymentPostprocessing = 0;
		};
/* End PBXResourcesBuildPhase section */

/* Begin PBXSourcesBuildPhase section */
		21B340111FE4E76800DD0D9D /* Sources */ = {
			isa = PBXSourcesBuildPhase;
			buildActionMask = 2147483647;
			files = (
				21B3401B1FE4E76800DD0D9D /* ViewController.swift in Sources */,
				21B340191FE4E76800DD0D9D /* AppDelegate.swift in Sources */,
			);
			runOnlyForDeploymentPostprocessing = 0;
		};
/* End PBXSourcesBuildPhase section */

/* Begin PBXVariantGroup section */
		21B3401C1FE4E76800DD0D9D /* Main.storyboard */ = {
			isa = PBXVariantGroup;
			children = (
				21B3401D1FE4E76800DD0D9D /* Base */,
			);
			name = Main.storyboard;
			sourceTree = "<group>";
		};
		21B340211FE4E76800DD0D9D /* LaunchScreen.storyboard */ = {
			isa = PBXVariantGroup;
			children = (
				21B340221FE4E76800DD0D9D /* Base */,
			);
			name = LaunchScreen.storyboard;
			sourceTree = "<group>";
		};
/* End PBXVariantGroup section */

/* Begin XCBuildConfiguration section */
		21B340251FE4E76800DD0D9D /* Debug */ = {
			isa = XCBuildConfiguration;
			buildSettings = {
				ALWAYS_SEARCH_USER_PATHS = NO;
				CLANG_ANALYZER_NONNULL = YES;
				CLANG_ANALYZER_NUMBER_OBJECT_CONVERSION = YES_AGGRESSIVE;
				CLANG_CXX_LANGUAGE_STANDARD = "gnu++14";
				CLANG_CXX_LIBRARY = "libc++";
				CLANG_ENABLE_MODULES = YES;
				CLANG_ENABLE_OBJC_ARC = YES;
				CLANG_WARN_BLOCK_CAPTURE_AUTORELEASING = YES;
				CLANG_WARN_BOOL_CONVERSION = YES;
				CLANG_WARN_COMMA = YES;
				CLANG_WARN_CONSTANT_CONVERSION = YES;
				CLANG_WARN_DIRECT_OBJC_ISA_USAGE = YES_ERROR;
				CLANG_WARN_DOCUMENTATION_COMMENTS = YES;
				CLANG_WARN_EMPTY_BODY = YES;
				CLANG_WARN_ENUM_CONVERSION = YES;
				CLANG_WARN_INFINITE_RECURSION = YES;
				CLANG_WARN_INT_CONVERSION = YES;
				CLANG_WARN_NON_LITERAL_NULL_CONVERSION = YES;
				CLANG_WARN_OBJC_LITERAL_CONVERSION = YES;
				CLANG_WARN_OBJC_ROOT_CLASS = YES_ERROR;
				CLANG_WARN_RANGE_LOOP_ANALYSIS = YES;
				CLANG_WARN_STRICT_PROTOTYPES = YES;
				CLANG_WARN_SUSPICIOUS_MOVE = YES;
				CLANG_WARN_UNGUARDED_AVAILABILITY = YES_AGGRESSIVE;
				CLANG_WARN_UNREACHABLE_CODE = YES;
				CLANG_WARN__DUPLICATE_METHOD_MATCH = YES;
				CODE_SIGN_IDENTITY = "iPhone Developer";
				COPY_PHASE_STRIP = NO;
				DEBUG_INFORMATION_FORMAT = dwarf;
				ENABLE_STRICT_OBJC_MSGSEND = YES;
				ENABLE_TESTABILITY = YES;
				GCC_C_LANGUAGE_STANDARD = gnu11;
				GCC_DYNAMIC_NO_PIC = NO;
				GCC_NO_COMMON_BLOCKS = YES;
				GCC_OPTIMIZATION_LEVEL = 0;
				GCC_PREPROCESSOR_DEFINITIONS = (
					"DEBUG=1",
					"$(inherited)",
				);
				GCC_WARN_64_TO_32_BIT_CONVERSION = YES;
				GCC_WARN_ABOUT_RETURN_TYPE = YES_ERROR;
				GCC_WARN_UNDECLARED_SELECTOR = YES;
				GCC_WARN_UNINITIALIZED_AUTOS = YES_AGGRESSIVE;
				GCC_WARN_UNUSED_FUNCTION = YES;
				GCC_WARN_UNUSED_VARIABLE = YES;
				IPHONEOS_DEPLOYMENT_TARGET = 11.2;
				MTL_ENABLE_DEBUG_INFO = YES;
				ONLY_ACTIVE_ARCH = YES;
				SDKROOT = iphoneos;
				SWIFT_ACTIVE_COMPILATION_CONDITIONS = DEBUG;
				SWIFT_OPTIMIZATION_LEVEL = "-Onone";
			};
			name = Debug;
		};
		21B340261FE4E76800DD0D9D /* Release */ = {
			isa = XCBuildConfiguration;
			buildSettings = {
				ALWAYS_SEARCH_USER_PATHS = NO;
				CLANG_ANALYZER_NONNULL = YES;
				CLANG_ANALYZER_NUMBER_OBJECT_CONVERSION = YES_AGGRESSIVE;
				CLANG_CXX_LANGUAGE_STANDARD = "gnu++14";
				CLANG_CXX_LIBRARY = "libc++";
				CLANG_ENABLE_MODULES = YES;
				CLANG_ENABLE_OBJC_ARC = YES;
				CLANG_WARN_BLOCK_CAPTURE_AUTORELEASING = YES;
				CLANG_WARN_BOOL_CONVERSION = YES;
				CLANG_WARN_COMMA = YES;
				CLANG_WARN_CONSTANT_CONVERSION = YES;
				CLANG_WARN_DIRECT_OBJC_ISA_USAGE = YES_ERROR;
				CLANG_WARN_DOCUMENTATION_COMMENTS = YES;
				CLANG_WARN_EMPTY_BODY = YES;
				CLANG_WARN_ENUM_CONVERSION = YES;
				CLANG_WARN_INFINITE_RECURSION = YES;
				CLANG_WARN_INT_CONVERSION = YES;
				CLANG_WARN_NON_LITERAL_NULL_CONVERSION = YES;
				CLANG_WARN_OBJC_LITERAL_CONVERSION = YES;
				CLANG_WARN_OBJC_ROOT_CLASS = YES_ERROR;
				CLANG_WARN_RANGE_LOOP_ANALYSIS = YES;
				CLANG_WARN_STRICT_PROTOTYPES = YES;
				CLANG_WARN_SUSPICIOUS_MOVE = YES;
				CLANG_WARN_UNGUARDED_AVAILABILITY = YES_AGGRESSIVE;
				CLANG_WARN_UNREACHABLE_CODE = YES;
				CLANG_WARN__DUPLICATE_METHOD_MATCH = YES;
				CODE_SIGN_IDENTITY = "iPhone Developer";
				COPY_PHASE_STRIP = NO;
				DEBUG_INFORMATION_FORMAT = "dwarf-with-dsym";
				ENABLE_NS_ASSERTIONS = NO;
				ENABLE_STRICT_OBJC_MSGSEND = YES;
				GCC_C_LANGUAGE_STANDARD = gnu11;
				GCC_NO_COMMON_BLOCKS = YES;
				GCC_WARN_64_TO_32_BIT_CONVERSION = YES;
				GCC_WARN_ABOUT_RETURN_TYPE = YES_ERROR;
				GCC_WARN_UNDECLARED_SELECTOR = YES;
				GCC_WARN_UNINITIALIZED_AUTOS = YES_AGGRESSIVE;
				GCC_WARN_UNUSED_FUNCTION = YES;
				GCC_WARN_UNUSED_VARIABLE = YES;
				IPHONEOS_DEPLOYMENT_TARGET = 11.2;
				MTL_ENABLE_DEBUG_INFO = NO;
				SDKROOT = iphoneos;
				SWIFT_OPTIMIZATION_LEVEL = "-Owholemodule";
				VALIDATE_PRODUCT = YES;
			};
			name = Release;
		};
		21B340281FE4E76800DD0D9D /* Debug */ = {
			isa = XCBuildConfiguration;
			buildSettings = {
				ASSETCATALOG_COMPILER_APPICON_NAME = AppIcon;
				CODE_SIGN_STYLE = Automatic;
				DEVELOPMENT_TEAM = G2F78XDFSY;
				GCC_PREPROCESSOR_DEFINITIONS = (
					DLIB_NO_GUI_SUPPORT,
					DLIB_JPEG_SUPPORT,
					NDEBUG,
					DLIB_USE_BLAS,
					DLIB_USE_LAPACK,
					"$(inherited)",
				);
				HEADER_SEARCH_PATHS = "$(PROJECT_DIR)/lib";
				INFOPLIST_FILE = ILFaceDetection/Info.plist;
				LD_RUNPATH_SEARCH_PATHS = "$(inherited) @executable_path/Frameworks";
				LIBRARY_SEARCH_PATHS = (
					"$(inherited)",
					"$(PROJECT_DIR)/ILFaceDetection/lib",
					"$(PROJECT_DIR)/lib",
				);
				PRODUCT_BUNDLE_IDENTIFIER = com.ILFaceDetection.ILFaceDetection;
				PRODUCT_NAME = "$(TARGET_NAME)";
				SWIFT_VERSION = 4.0;
				TARGETED_DEVICE_FAMILY = "1,2";
			};
			name = Debug;
		};
		21B340291FE4E76800DD0D9D /* Release */ = {
			isa = XCBuildConfiguration;
			buildSettings = {
				ASSETCATALOG_COMPILER_APPICON_NAME = AppIcon;
				CODE_SIGN_STYLE = Automatic;
				DEVELOPMENT_TEAM = G2F78XDFSY;
				GCC_PREPROCESSOR_DEFINITIONS = (
					DLIB_NO_GUI_SUPPORT,
					DLIB_JPEG_SUPPORT,
					NDEBUG,
					DLIB_USE_BLAS,
					DLIB_USE_LAPACK,
					"$(inherited)",
				);
				HEADER_SEARCH_PATHS = "$(PROJECT_DIR)/lib";
				INFOPLIST_FILE = ILFaceDetection/Info.plist;
				LD_RUNPATH_SEARCH_PATHS = "$(inherited) @executable_path/Frameworks";
				LIBRARY_SEARCH_PATHS = (
					"$(inherited)",
					"$(PROJECT_DIR)/ILFaceDetection/lib",
					"$(PROJECT_DIR)/lib",
				);
				PRODUCT_BUNDLE_IDENTIFIER = com.ILFaceDetection.ILFaceDetection;
				PRODUCT_NAME = "$(TARGET_NAME)";
				SWIFT_VERSION = 4.0;
				TARGETED_DEVICE_FAMILY = "1,2";
			};
			name = Release;
		};
/* End XCBuildConfiguration section */

/* Begin XCConfigurationList section */
		21B340101FE4E76800DD0D9D /* Build configuration list for PBXProject "ILFaceDetection" */ = {
			isa = XCConfigurationList;
			buildConfigurations = (
				21B340251FE4E76800DD0D9D /* Debug */,
				21B340261FE4E76800DD0D9D /* Release */,
			);
			defaultConfigurationIsVisible = 0;
			defaultConfigurationName = Release;
		};
		21B340271FE4E76800DD0D9D /* Build configuration list for PBXNativeTarget "ILFaceDetection" */ = {
			isa = XCConfigurationList;
			buildConfigurations = (
				21B340281FE4E76800DD0D9D /* Debug */,
				21B340291FE4E76800DD0D9D /* Release */,
			);
			defaultConfigurationIsVisible = 0;
			defaultConfigurationName = Release;
		};
/* End XCConfigurationList section */
	};
	rootObject = 21B3400D1FE4E76800DD0D9D /* Project object */;
}
